
Microsoft Visual Studio Solution File, Format Version 12.00
# Visual Studio Version 16
VisualStudioVersion = 16.0.31911.196
MinimumVisualStudioVersion = 10.0.40219.1
Project("{FAE04EC0-301F-11D3-BF4B-00C04F79EFBC}") = "Lab17", "Lab17\Lab17.csproj", "{2D129C66-A615-4E71-9ECC-72600A80549C}"
EndProject
Global
	GlobalSection(SolutionConfigurationPlatforms) = preSolution
		Debug|Any CPU = Debug|Any CPU
		Release|Any CPU = Release|Any CPU
	EndGlobalSection
	GlobalSection(ProjectConfigurationPlatforms) = postSolution
		{2D129C66-A615-4E71-9ECC-72600A80549C}.Debug|Any CPU.ActiveCfg = Debug|Any CPU
		{2D129C66-A615-4E71-9ECC-72600A80549C}.Debug|Any CPU.Build.0 = Debug|Any CPU
		{2D129C66-A615-4E71-9ECC-72600A80549C}.Release|Any CPU.ActiveCfg = Release|Any CPU
		{2D129C66-A615-4E71-9ECC-72600A80549C}.Release|Any CPU.Build.0 = Release|Any CPU
	EndGlobalSection
	GlobalSection(SolutionProperties) = preSolution
		HideSolutionNode = FALSE
	EndGlobalSection
	GlobalSection(ExtensibilityGlobals) = postSolution
		SolutionGuid = {8C4D2444-7966-4FC7-9C15-2D3218790A4D}
	EndGlobalSection
EndGlobal
